// !$*UTF8*$!
{
	archiveVersion = 1;
	classes = {
	};
	objectVersion = 46;
	objects = {

/* Begin PBXBuildFile section */
		FB293A3A1C1DB61200E13244 /* AppDelegate.swift in Sources */ = {isa = PBXBuildFile; fileRef = FB293A391C1DB61200E13244 /* AppDelegate.swift */; };
		FB293A3C1C1DB61200E13244 /* ViewController.swift in Sources */ = {isa = PBXBuildFile; fileRef = FB293A3B1C1DB61200E13244 /* ViewController.swift */; };
		FB293A3F1C1DB61200E13244 /* Main.storyboard in Resources */ = {isa = PBXBuildFile; fileRef = FB293A3D1C1DB61200E13244 /* Main.storyboard */; };
		FB293A441C1DB61200E13244 /* LaunchScreen.storyboard in Resources */ = {isa = PBXBuildFile; fileRef = FB293A421C1DB61200E13244 /* LaunchScreen.storyboard */; };
		FB293A4C1C1DC08600E13244 /* BebasNeue Regular.ttf in Resources */ = {isa = PBXBuildFile; fileRef = FB293A4B1C1DC08600E13244 /* BebasNeue Regular.ttf */; };
		FB293A4E1C1DCF6B00E13244 /* Assets.xcassets in Resources */ = {isa = PBXBuildFile; fileRef = FB293A4D1C1DCF6B00E13244 /* Assets.xcassets */; };
/* End PBXBuildFile section */

/* Begin PBXFileReference section */
		FB293A361C1DB61200E13244 /* tipsy.app */ = {isa = PBXFileReference; explicitFileType = wrapper.application; includeInIndex = 0; path = tipsy.app; sourceTree = BUILT_PRODUCTS_DIR; };
		FB293A391C1DB61200E13244 /* AppDelegate.swift */ = {isa = PBXFileReference; lastKnownFileType = sourcecode.swift; path = AppDelegate.swift; sourceTree = "<group>"; };
		FB293A3B1C1DB61200E13244 /* ViewController.swift */ = {isa = PBXFileReference; lastKnownFileType = sourcecode.swift; path = ViewController.swift; sourceTree = "<group>"; };
		FB293A3E1C1DB61200E13244 /* Base */ = {isa = PBXFileReference; lastKnownFileType = file.storyboard; name = Base; path = Base.lproj/Main.storyboard; sourceTree = "<group>"; };
		FB293A431C1DB61200E13244 /* Base */ = {isa = PBXFileReference; lastKnownFileType = file.storyboard; name = Base; path = Base.lproj/LaunchScreen.storyboard; sourceTree = "<group>"; };
		FB293A451C1DB61200E13244 /* Info.plist */ = {isa = PBXFileReference; lastKnownFileType = text.plist.xml; path = Info.plist; sourceTree = "<group>"; };
		FB293A4B1C1DC08600E13244 /* BebasNeue Regular.ttf */ = {isa = PBXFileReference; lastKnownFileType = file; path = "BebasNeue Regular.ttf"; sourceTree = "<group>"; };
		FB293A4D1C1DCF6B00E13244 /* Assets.xcassets */ = {isa = PBXFileReference; lastKnownFileType = folder.assetcatalog; path = Assets.xcassets; sourceTree = "<group>"; };
/* End PBXFileReference section */

/* Begin PBXFrameworksBuildPhase section */
		FB293A331C1DB61200E13244 /* Frameworks */ = {
			isa = PBXFrameworksBuildPhase;
			buildActionMask = 2147483647;
			files = (
			);
			runOnlyForDeploymentPostprocessing = 0;
		};
/* End PBXFrameworksBuildPhase section */

/* Begin PBXGroup section */
		FB293A2D1C1DB61200E13244 = {
			isa = PBXGroup;
			children = (
				FB293A381C1DB61200E13244 /* tipsy */,
				FB293A371C1DB61200E13244 /* Products */,
				FB293A4B1C1DC08600E13244 /* BebasNeue Regular.ttf */,
			);
			sourceTree = "<group>";
		};
		FB293A371C1DB61200E13244 /* Products */ = {
			isa = PBXGroup;
			children = (
				FB293A361C1DB61200E13244 /* tipsy.app */,
			);
			name = Products;
			sourceTree = "<group>";
		};
		FB293A381C1DB61200E13244 /* tipsy */ = {
			isa = PBXGroup;
			children = (
				FB293A391C1DB61200E13244 /* AppDelegate.swift */,
				FB293A3B1C1DB61200E13244 /* ViewController.swift */,
				FB293A3D1C1DB61200E13244 /* Main.storyboard */,
				FB293A4D1C1DCF6B00E13244 /* Assets.xcassets */,
				FB293A421C1DB61200E13244 /* LaunchScreen.storyboard */,
				FB293A451C1DB61200E13244 /* Info.plist */,
			);
			path = tipsy;
			sourceTree = "<group>";
		};
/* End PBXGroup section */

/* Begin PBXNativeTarget section */
		FB293A351C1DB61200E13244 /* tipsy */ = {
			isa = PBXNativeTarget;
			buildConfigurationList = FB293A481C1DB61200E13244 /* Build configuration list for PBXNativeTarget "tipsy" */;
			buildPhases = (
				FB293A321C1DB61200E13244 /* Sources */,
				FB293A331C1DB61200E13244 /* Frameworks */,
				FB293A341C1DB61200E13244 /* Resources */,
			);
			buildRules = (
			);
			dependencies = (
			);
			name = tipsy;
			productName = tipsy;
			productReference = FB293A361C1DB61200E13244 /* tipsy.app */;
			productType = "com.apple.product-type.application";
		};
/* End PBXNativeTarget section */

/* Begin PBXProject section */
		FB293A2E1C1DB61200E13244 /* Project object */ = {
			isa = PBXProject;
			attributes = {
				LastSwiftUpdateCheck = 0710;
				LastUpgradeCheck = 0710;
				ORGANIZATIONNAME = T3D;
				TargetAttributes = {
					FB293A351C1DB61200E13244 = {
						CreatedOnToolsVersion = 7.1.1;
						DevelopmentTeam = FYRHVD4SR9;
					};
				};
			};
			buildConfigurationList = FB293A311C1DB61200E13244 /* Build configuration list for PBXProject "tipsy" */;
			compatibilityVersion = "Xcode 3.2";
			developmentRegion = English;
			hasScannedForEncodings = 0;
			knownRegions = (
				en,
				Base,
			);
			mainGroup = FB293A2D1C1DB61200E13244;
			productRefGroup = FB293A371C1DB61200E13244 /* Products */;
			projectDirPath = "";
			projectRoot = "";
			targets = (
				FB293A351C1DB61200E13244 /* tipsy */,
			);
		};
/* End PBXProject section */

/* Begin PBXResourcesBuildPhase section */
		FB293A341C1DB61200E13244 /* Resources */ = {
			isa = PBXResourcesBuildPhase;
			buildActionMask = 2147483647;
			files = (
				FB293A441C1DB61200E13244 /* LaunchScreen.storyboard in Resources */,
				FB293A4C1C1DC08600E13244 /* BebasNeue Regular.ttf in Resources */,
				FB293A4E1C1DCF6B00E13244 /* Assets.xcassets in Resources */,
				FB293A3F1C1DB61200E13244 /* Main.storyboard in Resources */,
			);
			runOnlyForDeploymentPostprocessing = 0;
		};
/* End PBXResourcesBuildPhase section */

/* Begin PBXSourcesBuildPhase section */
		FB293A321C1DB61200E13244 /* Sources */ = {
			isa = PBXSourcesBuildPhase;
			buildActionMask = 2147483647;
			files = (
				FB293A3C1C1DB61200E13244 /* ViewController.swift in Sources */,
				FB293A3A1C1DB61200E13244 /* AppDelegate.swift in Sources */,
			);
			runOnlyForDeploymentPostprocessing = 0;
		};
/* End PBXSourcesBuildPhase section */

/* Begin PBXVariantGroup section */
		FB293A3D1C1DB61200E13244 /* Main.storyboard */ = {
			isa = PBXVariantGroup;
			children = (
				FB293A3E1C1DB61200E13244 /* Base */,
			);
			name = Main.storyboard;
			sourceTree = "<group>";
		};
		FB293A421C1DB61200E13244 /* LaunchScreen.storyboard */ = {
			isa = PBXVariantGroup;
			children = (
				FB293A431C1DB61200E13244 /* Base */,
			);
			name = LaunchScreen.storyboard;
			sourceTree = "<group>";
		};
/* End PBXVariantGroup section */

/* Begin XCBuildConfiguration section */
		FB293A461C1DB61200E13244 /* Debug */ = {
			isa = XCBuildConfiguration;
			buildSettings = {
				ALWAYS_SEARCH_USER_PATHS = NO;
				CLANG_CXX_LANGUAGE_STANDARD = "gnu++0x";
				CLANG_CXX_LIBRARY = "libc++";
				CLANG_ENABLE_MODULES = YES;
				CLANG_ENABLE_OBJC_ARC = YES;
				CLANG_WARN_BOOL_CONVERSION = YES;
				CLANG_WARN_CONSTANT_CONVERSION = YES;
				CLANG_WARN_DIRECT_OBJC_ISA_USAGE = YES_ERROR;
				CLANG_WARN_EMPTY_BODY = YES;
				CLANG_WARN_ENUM_CONVERSION = YES;
				CLANG_WARN_INT_CONVERSION = YES;
				CLANG_WARN_OBJC_ROOT_CLASS = YES_ERROR;
				CLANG_WARN_UNREACHABLE_CODE = YES;
				CLANG_WARN__DUPLICATE_METHOD_MATCH = YES;
				"CODE_SIGN_IDENTITY[sdk=iphoneos*]" = "iPhone Developer";
				COPY_PHASE_STRIP = NO;
				DEBUG_INFORMATION_FORMAT = dwarf;
				ENABLE_STRICT_OBJC_MSGSEND = YES;
				ENABLE_TESTABILITY = YES;
				GCC_C_LANGUAGE_STANDARD = gnu99;
				GCC_DYNAMIC_NO_PIC = NO;
				GCC_NO_COMMON_BLOCKS = YES;
				GCC_OPTIMIZATION_LEVEL = 0;
				GCC_PREPROCESSOR_DEFINITIONS = (
					"DEBUG=1",
					"$(inherited)",
				);
				GCC_WARN_64_TO_32_BIT_CONVERSION = YES;
				GCC_WARN_ABOUT_RETURN_TYPE = YES_ERROR;
				GCC_WARN_UNDECLARED_SELECTOR = YES;
				GCC_WARN_UNINITIALIZED_AUTOS = YES_AGGRESSIVE;
				GCC_WARN_UNUSED_FUNCTION = YES;
				GCC_WARN_UNUSED_VARIABLE = YES;
				IPHONEOS_DEPLOYMENT_TARGET = 9.1;
				MTL_ENABLE_DEBUG_INFO = YES;
				ONLY_ACTIVE_ARCH = YES;
				SDKROOT = iphoneos;
				SWIFT_OPTIMIZATION_LEVEL = "-Onone";
				TARGETED_DEVICE_FAMILY = "1,2";
			};
			name = Debug;
		};
		FB293A471C1DB61200E13244 /* Release */ = {
			isa = XCBuildConfiguration;
			buildSettings = {
				ALWAYS_SEARCH_USER_PATHS = NO;
				CLANG_CXX_LANGUAGE_STANDARD = "gnu++0x";
				CLANG_CXX_LIBRARY = "libc++";
				CLANG_ENABLE_MODULES = YES;
				CLANG_ENABLE_OBJC_ARC = YES;
				CLANG_WARN_BOOL_CONVERSION = YES;
				CLANG_WARN_CONSTANT_CONVERSION = YES;
				CLANG_WARN_DIRECT_OBJC_ISA_USAGE = YES_ERROR;
				CLANG_WARN_EMPTY_BODY = YES;
				CLANG_WARN_ENUM_CONVERSION = YES;
				CLANG_WARN_INT_CONVERSION = YES;
				CLANG_WARN_OBJC_ROOT_CLASS = YES_ERROR;
				CLANG_WARN_UNREACHABLE_CODE = YES;
				CLANG_WARN__DUPLICATE_METHOD_MATCH = YES;
				"CODE_SIGN_IDENTITY[sdk=iphoneos*]" = "iPhone Developer";
				COPY_PHASE_STRIP = NO;
				DEBUG_INFORMATION_FORMAT = "dwarf-with-dsym";
				ENABLE_NS_ASSERTIONS = NO;
				ENABLE_STRICT_OBJC_MSGSEND = YES;
				GCC_C_LANGUAGE_STANDARD = gnu99;
				GCC_NO_COMMON_BLOCKS = YES;
				GCC_WARN_64_TO_32_BIT_CONVERSION = YES;
				GCC_WARN_ABOUT_RETURN_TYPE = YES_ERROR;
				GCC_WARN_UNDECLARED_SELECTOR = YES;
				GCC_WARN_UNINITIALIZED_AUTOS = YES_AGGRESSIVE;
				GCC_WARN_UNUSED_FUNCTION = YES;
				GCC_WARN_UNUSED_VARIABLE = YES;
				IPHONEOS_DEPLOYMENT_TARGET = 9.1;
				MTL_ENABLE_DEBUG_INFO = NO;
				SDKROOT = iphoneos;
				TARGETED_DEVICE_FAMILY = "1,2";
				VALIDATE_PRODUCT = YES;
			};
			name = Release;
		};
		FB293A491C1DB61200E13244 /* Debug */ = {
			isa = XCBuildConfiguration;
			buildSettings = {
				ASSETCATALOG_COMPILER_APPICON_NAME = AppIcon;
				CODE_SIGN_IDENTITY = "iPhone Developer";
				"CODE_SIGN_IDENTITY[sdk=iphoneos*]" = "iPhone Developer";
				INFOPLIST_FILE = tipsy/Info.plist;
				IPHONEOS_DEPLOYMENT_TARGET = 9.1;
				LD_RUNPATH_SEARCH_PATHS = "$(inherited) @executable_path/Frameworks";
				PRODUCT_BUNDLE_IDENTIFIER = com.t3dhq.tipsy;
				PRODUCT_NAME = "$(TARGET_NAME)";
				PROVISIONING_PROFILE = "";
			};
			name = Debug;
		};
		FB293A4A1C1DB61200E13244 /* Release */ = {
			isa = XCBuildConfiguration;
			buildSettings = {
				ASSETCATALOG_COMPILER_APPICON_NAME = AppIcon;
				CODE_SIGN_IDENTITY = "iPhone Developer";
				"CODE_SIGN_IDENTITY[sdk=iphoneos*]" = "iPhone Developer";
				INFOPLIST_FILE = tipsy/Info.plist;
				IPHONEOS_DEPLOYMENT_TARGET = 9.1;
				LD_RUNPATH_SEARCH_PATHS = "$(inherited) @executable_path/Frameworks";
				PRODUCT_BUNDLE_IDENTIFIER = com.t3dhq.tipsy;
				PRODUCT_NAME = "$(TARGET_NAME)";
				PROVISIONING_PROFILE = "";
			};
			name = Release;
		};
/* End XCBuildConfiguration section */

/* Begin XCConfigurationList section */
		FB293A311C1DB61200E13244 /* Build configuration list for PBXProject "tipsy" */ = {
			isa = XCConfigurationList;
			buildConfigurations = (
				FB293A461C1DB61200E13244 /* Debug */,
				FB293A471C1DB61200E13244 /* Release */,
			);
			defaultConfigurationIsVisible = 0;
			defaultConfigurationName = Release;
		};
		FB293A481C1DB61200E13244 /* Build configuration list for PBXNativeTarget "tipsy" */ = {
			isa = XCConfigurationList;
			buildConfigurations = (
				FB293A491C1DB61200E13244 /* Debug */,
				FB293A4A1C1DB61200E13244 /* Release */,
			);
			defaultConfigurationIsVisible = 0;
			defaultConfigurationName = Release;
		};
/* End XCConfigurationList section */
	};
	rootObject = FB293A2E1C1DB61200E13244 /* Project object */;
}
